// !$*UTF8*$!
{
	archiveVersion = 1;
	classes = {
	};
	objectVersion = 55;
	objects = {

/* Begin PBXBuildFile section */
		F27EC992268376F500443C1D /* InstaDogApp.swift in Sources */ = {isa = PBXBuildFile; fileRef = F27EC991268376F500443C1D /* InstaDogApp.swift */; };
		F27EC994268376F500443C1D /* ContentView.swift in Sources */ = {isa = PBXBuildFile; fileRef = F27EC993268376F500443C1D /* ContentView.swift */; };
		F27EC996268376F700443C1D /* Assets.xcassets in Resources */ = {isa = PBXBuildFile; fileRef = F27EC995268376F700443C1D /* Assets.xcassets */; };
		F27EC999268376F700443C1D /* Preview Assets.xcassets in Resources */ = {isa = PBXBuildFile; fileRef = F27EC998268376F700443C1D /* Preview Assets.xcassets */; };
		F27EC9A026837DBA00443C1D /* LaunchScreen.storyboard in Resources */ = {isa = PBXBuildFile; fileRef = F27EC99F26837DBA00443C1D /* LaunchScreen.storyboard */; };
		F27EC9A726839DC000443C1D /* Extensions.swift in Sources */ = {isa = PBXBuildFile; fileRef = F27EC9A626839DC000443C1D /* Extensions.swift */; };
		F27EC9AB26839F3C00443C1D /* PostView.swift in Sources */ = {isa = PBXBuildFile; fileRef = F27EC9AA26839F3C00443C1D /* PostView.swift */; };
		F27EC9AF2683B73D00443C1D /* FeedView.swift in Sources */ = {isa = PBXBuildFile; fileRef = F27EC9AE2683B73D00443C1D /* FeedView.swift */; };
/* End PBXBuildFile section */

/* Begin PBXFileReference section */
		F27EC98E268376F500443C1D /* InstaDog.app */ = {isa = PBXFileReference; explicitFileType = wrapper.application; includeInIndex = 0; path = InstaDog.app; sourceTree = BUILT_PRODUCTS_DIR; };
		F27EC991268376F500443C1D /* InstaDogApp.swift */ = {isa = PBXFileReference; lastKnownFileType = sourcecode.swift; path = InstaDogApp.swift; sourceTree = "<group>"; };
		F27EC993268376F500443C1D /* ContentView.swift */ = {isa = PBXFileReference; lastKnownFileType = sourcecode.swift; path = ContentView.swift; sourceTree = "<group>"; };
		F27EC995268376F700443C1D /* Assets.xcassets */ = {isa = PBXFileReference; lastKnownFileType = folder.assetcatalog; path = Assets.xcassets; sourceTree = "<group>"; };
		F27EC998268376F700443C1D /* Preview Assets.xcassets */ = {isa = PBXFileReference; lastKnownFileType = folder.assetcatalog; path = "Preview Assets.xcassets"; sourceTree = "<group>"; };
		F27EC99F26837DBA00443C1D /* LaunchScreen.storyboard */ = {isa = PBXFileReference; lastKnownFileType = file.storyboard; path = LaunchScreen.storyboard; sourceTree = "<group>"; };
		F27EC9A1268380A100443C1D /* Info.plist */ = {isa = PBXFileReference; lastKnownFileType = text.plist; path = Info.plist; sourceTree = "<group>"; };
		F27EC9A626839DC000443C1D /* Extensions.swift */ = {isa = PBXFileReference; lastKnownFileType = sourcecode.swift; path = Extensions.swift; sourceTree = "<group>"; };
		F27EC9AA26839F3C00443C1D /* PostView.swift */ = {isa = PBXFileReference; lastKnownFileType = sourcecode.swift; path = PostView.swift; sourceTree = "<group>"; };
		F27EC9AE2683B73D00443C1D /* FeedView.swift */ = {isa = PBXFileReference; lastKnownFileType = sourcecode.swift; path = FeedView.swift; sourceTree = "<group>"; };
/* End PBXFileReference section */

/* Begin PBXFrameworksBuildPhase section */
		F27EC98B268376F500443C1D /* Frameworks */ = {
			isa = PBXFrameworksBuildPhase;
			buildActionMask = 2147483647;
			files = (
			);
			runOnlyForDeploymentPostprocessing = 0;
		};
/* End PBXFrameworksBuildPhase section */

/* Begin PBXGroup section */
		F27EC985268376F500443C1D = {
			isa = PBXGroup;
			children = (
				F27EC990268376F500443C1D /* InstaDog */,
				F27EC98F268376F500443C1D /* Products */,
			);
			sourceTree = "<group>";
		};
		F27EC98F268376F500443C1D /* Products */ = {
			isa = PBXGroup;
			children = (
				F27EC98E268376F500443C1D /* InstaDog.app */,
			);
			name = Products;
			sourceTree = "<group>";
		};
		F27EC990268376F500443C1D /* InstaDog */ = {
			isa = PBXGroup;
			children = (
				F27EC9A526839DA900443C1D /* Helpers */,
				F27EC9A22683878D00443C1D /* Views */,
				F27EC9A1268380A100443C1D /* Info.plist */,
				F27EC995268376F700443C1D /* Assets.xcassets */,
				F27EC997268376F700443C1D /* Preview Content */,
				F27EC99F26837DBA00443C1D /* LaunchScreen.storyboard */,
			);
			path = InstaDog;
			sourceTree = "<group>";
		};
		F27EC997268376F700443C1D /* Preview Content */ = {
			isa = PBXGroup;
			children = (
				F27EC998268376F700443C1D /* Preview Assets.xcassets */,
			);
			path = "Preview Content";
			sourceTree = "<group>";
		};
		F27EC9A22683878D00443C1D /* Views */ = {
			isa = PBXGroup;
			children = (
				F27EC991268376F500443C1D /* InstaDogApp.swift */,
				F27EC9A32683879700443C1D /* Screens */,
				F27EC9A4268387A000443C1D /* SubViews */,
			);
			path = Views;
			sourceTree = "<group>";
		};
		F27EC9A32683879700443C1D /* Screens */ = {
			isa = PBXGroup;
			children = (
				F27EC993268376F500443C1D /* ContentView.swift */,
				F27EC9AE2683B73D00443C1D /* FeedView.swift */,
			);
			path = Screens;
			sourceTree = "<group>";
		};
		F27EC9A4268387A000443C1D /* SubViews */ = {
			isa = PBXGroup;
			children = (
				F27EC9AA26839F3C00443C1D /* PostView.swift */,
			);
			path = SubViews;
			sourceTree = "<group>";
		};
		F27EC9A526839DA900443C1D /* Helpers */ = {
			isa = PBXGroup;
			children = (
				F27EC9A626839DC000443C1D /* Extensions.swift */,
			);
			path = Helpers;
			sourceTree = "<group>";
		};
/* End PBXGroup section */

/* Begin PBXNativeTarget section */
		F27EC98D268376F500443C1D /* InstaDog */ = {
			isa = PBXNativeTarget;
			buildConfigurationList = F27EC99C268376F700443C1D /* Build configuration list for PBXNativeTarget "InstaDog" */;
			buildPhases = (
				F27EC98A268376F500443C1D /* Sources */,
				F27EC98B268376F500443C1D /* Frameworks */,
				F27EC98C268376F500443C1D /* Resources */,
			);
			buildRules = (
			);
			dependencies = (
			);
			name = InstaDog;
			productName = InstaDog;
			productReference = F27EC98E268376F500443C1D /* InstaDog.app */;
			productType = "com.apple.product-type.application";
		};
/* End PBXNativeTarget section */

/* Begin PBXProject section */
		F27EC986268376F500443C1D /* Project object */ = {
			isa = PBXProject;
			attributes = {
				BuildIndependentTargetsInParallel = 1;
				LastSwiftUpdateCheck = 1300;
				LastUpgradeCheck = 1300;
				TargetAttributes = {
					F27EC98D268376F500443C1D = {
						CreatedOnToolsVersion = 13.0;
					};
				};
			};
			buildConfigurationList = F27EC989268376F500443C1D /* Build configuration list for PBXProject "InstaDog" */;
			compatibilityVersion = "Xcode 13.0";
			developmentRegion = en;
			hasScannedForEncodings = 0;
			knownRegions = (
				en,
				Base,
			);
			mainGroup = F27EC985268376F500443C1D;
			productRefGroup = F27EC98F268376F500443C1D /* Products */;
			projectDirPath = "";
			projectRoot = "";
			targets = (
				F27EC98D268376F500443C1D /* InstaDog */,
			);
		};
/* End PBXProject section */

/* Begin PBXResourcesBuildPhase section */
		F27EC98C268376F500443C1D /* Resources */ = {
			isa = PBXResourcesBuildPhase;
			buildActionMask = 2147483647;
			files = (
				F27EC9A026837DBA00443C1D /* LaunchScreen.storyboard in Resources */,
				F27EC999268376F700443C1D /* Preview Assets.xcassets in Resources */,
				F27EC996268376F700443C1D /* Assets.xcassets in Resources */,
			);
			runOnlyForDeploymentPostprocessing = 0;
		};
/* End PBXResourcesBuildPhase section */

/* Begin PBXSourcesBuildPhase section */
		F27EC98A268376F500443C1D /* Sources */ = {
			isa = PBXSourcesBuildPhase;
			buildActionMask = 2147483647;
			files = (
				F27EC9AF2683B73D00443C1D /* FeedView.swift in Sources */,
				F27EC994268376F500443C1D /* ContentView.swift in Sources */,
				F27EC9A726839DC000443C1D /* Extensions.swift in Sources */,
				F27EC9AB26839F3C00443C1D /* PostView.swift in Sources */,
				F27EC992268376F500443C1D /* InstaDogApp.swift in Sources */,
			);
			runOnlyForDeploymentPostprocessing = 0;
		};
/* End PBXSourcesBuildPhase section */

/* Begin XCBuildConfiguration section */
		F27EC99A268376F700443C1D /* Debug */ = {
			isa = XCBuildConfiguration;
			buildSettings = {
				ALWAYS_SEARCH_USER_PATHS = NO;
				CLANG_ANALYZER_NONNULL = YES;
				CLANG_ANALYZER_NUMBER_OBJECT_CONVERSION = YES_AGGRESSIVE;
				CLANG_CXX_LANGUAGE_STANDARD = "gnu++14";
				CLANG_CXX_LIBRARY = "libc++";
				CLANG_ENABLE_MODULES = YES;
				CLANG_ENABLE_OBJC_ARC = YES;
				CLANG_ENABLE_OBJC_WEAK = YES;
				CLANG_WARN_BLOCK_CAPTURE_AUTORELEASING = YES;
				CLANG_WARN_BOOL_CONVERSION = YES;
				CLANG_WARN_COMMA = YES;
				CLANG_WARN_CONSTANT_CONVERSION = YES;
				CLANG_WARN_DEPRECATED_OBJC_IMPLEMENTATIONS = YES;
				CLANG_WARN_DIRECT_OBJC_ISA_USAGE = YES_ERROR;
				CLANG_WARN_DOCUMENTATION_COMMENTS = YES;
				CLANG_WARN_EMPTY_BODY = YES;
				CLANG_WARN_ENUM_CONVERSION = YES;
				CLANG_WARN_INFINITE_RECURSION = YES;
				CLANG_WARN_INT_CONVERSION = YES;
				CLANG_WARN_NON_LITERAL_NULL_CONVERSION = YES;
				CLANG_WARN_OBJC_IMPLICIT_RETAIN_SELF = YES;
				CLANG_WARN_OBJC_LITERAL_CONVERSION = YES;
				CLANG_WARN_OBJC_ROOT_CLASS = YES_ERROR;
				CLANG_WARN_QUOTED_INCLUDE_IN_FRAMEWORK_HEADER = YES;
				CLANG_WARN_RANGE_LOOP_ANALYSIS = YES;
				CLANG_WARN_STRICT_PROTOTYPES = YES;
				CLANG_WARN_SUSPICIOUS_MOVE = YES;
				CLANG_WARN_UNGUARDED_AVAILABILITY = YES_AGGRESSIVE;
				CLANG_WARN_UNREACHABLE_CODE = YES;
				CLANG_WARN__DUPLICATE_METHOD_MATCH = YES;
				COPY_PHASE_STRIP = NO;
				DEBUG_INFORMATION_FORMAT = dwarf;
				ENABLE_STRICT_OBJC_MSGSEND = YES;
				ENABLE_TESTABILITY = YES;
				GCC_C_LANGUAGE_STANDARD = gnu11;
				GCC_DYNAMIC_NO_PIC = NO;
				GCC_NO_COMMON_BLOCKS = YES;
				GCC_OPTIMIZATION_LEVEL = 0;
				GCC_PREPROCESSOR_DEFINITIONS = (
					"DEBUG=1",
					"$(inherited)",
				);
				GCC_WARN_64_TO_32_BIT_CONVERSION = YES;
				GCC_WARN_ABOUT_RETURN_TYPE = YES_ERROR;
				GCC_WARN_UNDECLARED_SELECTOR = YES;
				GCC_WARN_UNINITIALIZED_AUTOS = YES_AGGRESSIVE;
				GCC_WARN_UNUSED_FUNCTION = YES;
				GCC_WARN_UNUSED_VARIABLE = YES;
				IPHONEOS_DEPLOYMENT_TARGET = 15.0;
				MTL_ENABLE_DEBUG_INFO = INCLUDE_SOURCE;
				MTL_FAST_MATH = YES;
				ONLY_ACTIVE_ARCH = YES;
				SDKROOT = iphoneos;
				SWIFT_ACTIVE_COMPILATION_CONDITIONS = DEBUG;
				SWIFT_OPTIMIZATION_LEVEL = "-Onone";
			};
			name = Debug;
		};
		F27EC99B268376F700443C1D /* Release */ = {
			isa = XCBuildConfiguration;
			buildSettings = {
				ALWAYS_SEARCH_USER_PATHS = NO;
				CLANG_ANALYZER_NONNULL = YES;
				CLANG_ANALYZER_NUMBER_OBJECT_CONVERSION = YES_AGGRESSIVE;
				CLANG_CXX_LANGUAGE_STANDARD = "gnu++14";
				CLANG_CXX_LIBRARY = "libc++";
				CLANG_ENABLE_MODULES = YES;
				CLANG_ENABLE_OBJC_ARC = YES;
				CLANG_ENABLE_OBJC_WEAK = YES;
				CLANG_WARN_BLOCK_CAPTURE_AUTORELEASING = YES;
				CLANG_WARN_BOOL_CONVERSION = YES;
				CLANG_WARN_COMMA = YES;
				CLANG_WARN_CONSTANT_CONVERSION = YES;
				CLANG_WARN_DEPRECATED_OBJC_IMPLEMENTATIONS = YES;
				CLANG_WARN_DIRECT_OBJC_ISA_USAGE = YES_ERROR;
				CLANG_WARN_DOCUMENTATION_COMMENTS = YES;
				CLANG_WARN_EMPTY_BODY = YES;
				CLANG_WARN_ENUM_CONVERSION = YES;
				CLANG_WARN_INFINITE_RECURSION = YES;
				CLANG_WARN_INT_CONVERSION = YES;
				CLANG_WARN_NON_LITERAL_NULL_CONVERSION = YES;
				CLANG_WARN_OBJC_IMPLICIT_RETAIN_SELF = YES;
				CLANG_WARN_OBJC_LITERAL_CONVERSION = YES;
				CLANG_WARN_OBJC_ROOT_CLASS = YES_ERROR;
				CLANG_WARN_QUOTED_INCLUDE_IN_FRAMEWORK_HEADER = YES;
				CLANG_WARN_RANGE_LOOP_ANALYSIS = YES;
				CLANG_WARN_STRICT_PROTOTYPES = YES;
				CLANG_WARN_SUSPICIOUS_MOVE = YES;
				CLANG_WARN_UNGUARDED_AVAILABILITY = YES_AGGRESSIVE;
				CLANG_WARN_UNREACHABLE_CODE = YES;
				CLANG_WARN__DUPLICATE_METHOD_MATCH = YES;
				COPY_PHASE_STRIP = NO;
				DEBUG_INFORMATION_FORMAT = "dwarf-with-dsym";
				ENABLE_NS_ASSERTIONS = NO;
				ENABLE_STRICT_OBJC_MSGSEND = YES;
				GCC_C_LANGUAGE_STANDARD = gnu11;
				GCC_NO_COMMON_BLOCKS = YES;
				GCC_WARN_64_TO_32_BIT_CONVERSION = YES;
				GCC_WARN_ABOUT_RETURN_TYPE = YES_ERROR;
				GCC_WARN_UNDECLARED_SELECTOR = YES;
				GCC_WARN_UNINITIALIZED_AUTOS = YES_AGGRESSIVE;
				GCC_WARN_UNUSED_FUNCTION = YES;
				GCC_WARN_UNUSED_VARIABLE = YES;
				IPHONEOS_DEPLOYMENT_TARGET = 15.0;
				MTL_ENABLE_DEBUG_INFO = NO;
				MTL_FAST_MATH = YES;
				SDKROOT = iphoneos;
				SWIFT_COMPILATION_MODE = wholemodule;
				SWIFT_OPTIMIZATION_LEVEL = "-O";
				VALIDATE_PRODUCT = YES;
			};
			name = Release;
		};
		F27EC99D268376F700443C1D /* Debug */ = {
			isa = XCBuildConfiguration;
			buildSettings = {
				ASSETCATALOG_COMPILER_APPICON_NAME = AppIcon;
				ASSETCATALOG_COMPILER_GLOBAL_ACCENT_COLOR_NAME = AccentColor;
				CODE_SIGN_STYLE = Automatic;
				CURRENT_PROJECT_VERSION = 1;
				DEVELOPMENT_ASSET_PATHS = "\"InstaDog/Preview Content\"";
				DEVELOPMENT_TEAM = 9XZH24N38H;
				ENABLE_PREVIEWS = YES;
				GENERATE_INFOPLIST_FILE = YES;
				INFOPLIST_FILE = InstaDog/Info.plist;
				INFOPLIST_KEY_CFBundleExecutable = InstaDog;
				INFOPLIST_KEY_CFBundleName = InstaDog;
				INFOPLIST_KEY_CFBundleVersion = 1;
				INFOPLIST_KEY_UIApplicationSceneManifest_Generation = YES;
				INFOPLIST_KEY_UIApplicationSupportsIndirectInputEvents = YES;
				INFOPLIST_KEY_UILaunchScreen_Generation = YES;
				INFOPLIST_KEY_UILaunchStoryboardName = LaunchScreen;
				INFOPLIST_KEY_UISupportedInterfaceOrientations_iPad = "UIInterfaceOrientationPortrait UIInterfaceOrientationPortraitUpsideDown UIInterfaceOrientationLandscapeLeft UIInterfaceOrientationLandscapeRight";
				INFOPLIST_KEY_UISupportedInterfaceOrientations_iPhone = "UIInterfaceOrientationPortrait UIInterfaceOrientationLandscapeLeft UIInterfaceOrientationLandscapeRight";
				IPHONEOS_DEPLOYMENT_TARGET = 14.0;
				LD_RUNPATH_SEARCH_PATHS = (
					"$(inherited)",
					"@executable_path/Frameworks",
				);
				MARKETING_VERSION = 1.0;
				PRODUCT_BUNDLE_IDENTIFIER = com.jsween.InstaDog;
				PRODUCT_NAME = "$(TARGET_NAME)";
				SWIFT_EMIT_LOC_STRINGS = YES;
				SWIFT_VERSION = 5.0;
				TARGETED_DEVICE_FAMILY = "1,2";
			};
			name = Debug;
		};
		F27EC99E268376F700443C1D /* Release */ = {
			isa = XCBuildConfiguration;
			buildSettings = {
				ASSETCATALOG_COMPILER_APPICON_NAME = AppIcon;
				ASSETCATALOG_COMPILER_GLOBAL_ACCENT_COLOR_NAME = AccentColor;
				CODE_SIGN_STYLE = Automatic;
				CURRENT_PROJECT_VERSION = 1;
				DEVELOPMENT_ASSET_PATHS = "\"InstaDog/Preview Content\"";
				DEVELOPMENT_TEAM = 9XZH24N38H;
				ENABLE_PREVIEWS = YES;
				GENERATE_INFOPLIST_FILE = YES;
				INFOPLIST_FILE = InstaDog/Info.plist;
				INFOPLIST_KEY_CFBundleExecutable = InstaDog;
				INFOPLIST_KEY_CFBundleName = InstaDog;
				INFOPLIST_KEY_CFBundleVersion = 1;
				INFOPLIST_KEY_UIApplicationSceneManifest_Generation = YES;
				INFOPLIST_KEY_UIApplicationSupportsIndirectInputEvents = YES;
				INFOPLIST_KEY_UILaunchScreen_Generation = YES;
				INFOPLIST_KEY_UILaunchStoryboardName = LaunchScreen;
				INFOPLIST_KEY_UISupportedInterfaceOrientations_iPad = "UIInterfaceOrientationPortrait UIInterfaceOrientationPortraitUpsideDown UIInterfaceOrientationLandscapeLeft UIInterfaceOrientationLandscapeRight";
				INFOPLIST_KEY_UISupportedInterfaceOrientations_iPhone = "UIInterfaceOrientationPortrait UIInterfaceOrientationLandscapeLeft UIInterfaceOrientationLandscapeRight";
				IPHONEOS_DEPLOYMENT_TARGET = 14.0;
				LD_RUNPATH_SEARCH_PATHS = (
					"$(inherited)",
					"@executable_path/Frameworks",
				);
				MARKETING_VERSION = 1.0;
				PRODUCT_BUNDLE_IDENTIFIER = com.jsween.InstaDog;
				PRODUCT_NAME = "$(TARGET_NAME)";
				SWIFT_EMIT_LOC_STRINGS = YES;
				SWIFT_VERSION = 5.0;
				TARGETED_DEVICE_FAMILY = "1,2";
			};
			name = Release;
		};
/* End XCBuildConfiguration section */

/* Begin XCConfigurationList section */
		F27EC989268376F500443C1D /* Build configuration list for PBXProject "InstaDog" */ = {
			isa = XCConfigurationList;
			buildConfigurations = (
				F27EC99A268376F700443C1D /* Debug */,
				F27EC99B268376F700443C1D /* Release */,
			);
			defaultConfigurationIsVisible = 0;
			defaultConfigurationName = Release;
		};
		F27EC99C268376F700443C1D /* Build configuration list for PBXNativeTarget "InstaDog" */ = {
			isa = XCConfigurationList;
			buildConfigurations = (
				F27EC99D268376F700443C1D /* Debug */,
				F27EC99E268376F700443C1D /* Release */,
			);
			defaultConfigurationIsVisible = 0;
			defaultConfigurationName = Release;
		};
/* End XCConfigurationList section */
	};
	rootObject = F27EC986268376F500443C1D /* Project object */;
}
